
Microsoft Visual Studio Solution File, Format Version 12.00
# Visual Studio Version 16
VisualStudioVersion = 25.0.1705.2
MinimumVisualStudioVersion = 10.0.40219.1
Project("{FAE04EC0-301F-11D3-BF4B-00C04F79EFBC}") = "mission14", "mission14\mission14.csproj", "{BB0CD429-ADB1-4F5F-90FB-935A93F7E250}"
EndProject
Global
	GlobalSection(SolutionConfigurationPlatforms) = preSolution
		Debug|Any CPU = Debug|Any CPU
		Release|Any CPU = Release|Any CPU
	EndGlobalSection
	GlobalSection(ProjectConfigurationPlatforms) = postSolution
		{BB0CD429-ADB1-4F5F-90FB-935A93F7E250}.Debug|Any CPU.ActiveCfg = Debug|Any CPU
		{BB0CD429-ADB1-4F5F-90FB-935A93F7E250}.Debug|Any CPU.Build.0 = Debug|Any CPU
		{BB0CD429-ADB1-4F5F-90FB-935A93F7E250}.Release|Any CPU.ActiveCfg = Release|Any CPU
		{BB0CD429-ADB1-4F5F-90FB-935A93F7E250}.Release|Any CPU.Build.0 = Release|Any CPU
	EndGlobalSection
	GlobalSection(SolutionProperties) = preSolution
		HideSolutionNode = FALSE
	EndGlobalSection
	GlobalSection(ExtensibilityGlobals) = postSolution
		SolutionGuid = {571435F1-D125-4793-86A4-058E152AE71E}
	EndGlobalSection
EndGlobal
